<Solution>
  <Project Path="src/BookingPlatform.Api/BookingPlatform.Api.csproj" />
  <Project Path="src/BookingPlatform.Application/BookingPlatform.Application.csproj" />
  <Project Path="src/BookingPlatform.Core/BookingPlatform.Core.csproj" />
  <Project Path="src/BookingPlatform.Infrastructure/BookingPlatform.Infrastructure.csproj" />
  <Project Path="src/BookingPlatform.Shared/BookingPlatform.Shared.csproj" />
  <Project Path="src/BookingPlatform.Telegram/BookingPlatform.Telegram.csproj" />
  <Project Path="tests/BookingPlatform.Tests/BookingPlatform.Tests.csproj" />
</Solution>
